
Microsoft Visual Studio Solution File, Format Version 12.00
# Visual Studio Version 17
VisualStudioVersion = 17.5.002.0
MinimumVisualStudioVersion = 10.0.40219.1
Project("{9A19103F-16F7-4668-BE54-9A1E7A4F7556}") = "AbbyWeb", "AbbyWeb.csproj", "{F2CA5E2A-FD40-4A33-9583-BF7B301B0814}"
EndProject
Global
	GlobalSection(SolutionConfigurationPlatforms) = preSolution
		Debug|Any CPU = Debug|Any CPU
		Release|Any CPU = Release|Any CPU
	EndGlobalSection
	GlobalSection(ProjectConfigurationPlatforms) = postSolution
		{F2CA5E2A-FD40-4A33-9583-BF7B301B0814}.Debug|Any CPU.ActiveCfg = Debug|Any CPU
		{F2CA5E2A-FD40-4A33-9583-BF7B301B0814}.Debug|Any CPU.Build.0 = Debug|Any CPU
		{F2CA5E2A-FD40-4A33-9583-BF7B301B0814}.Release|Any CPU.ActiveCfg = Release|Any CPU
		{F2CA5E2A-FD40-4A33-9583-BF7B301B0814}.Release|Any CPU.Build.0 = Release|Any CPU
	EndGlobalSection
	GlobalSection(SolutionProperties) = preSolution
		HideSolutionNode = FALSE
	EndGlobalSection
	GlobalSection(ExtensibilityGlobals) = postSolution
		SolutionGuid = {79261FDD-762C-4D8B-8959-7B58CDCB31BC}
	EndGlobalSection
EndGlobal
